
Microsoft Visual Studio Solution File, Format Version 12.00
# Visual Studio Version 17
VisualStudioVersion = 17.11.35208.52
MinimumVisualStudioVersion = 10.0.40219.1
Project("{FAE04EC0-301F-11D3-BF4B-00C04F79EFBC}") = "MiProyectoMVC", "MiProyectoMVC.csproj", "{6A348A6B-F2CE-43FC-B86B-1A749B0CEB02}"
EndProject
Global
	GlobalSection(SolutionConfigurationPlatforms) = preSolution
		Debug|Any CPU = Debug|Any CPU
		Release|Any CPU = Release|Any CPU
	EndGlobalSection
	GlobalSection(ProjectConfigurationPlatforms) = postSolution
		{6A348A6B-F2CE-43FC-B86B-1A749B0CEB02}.Debug|Any CPU.ActiveCfg = Debug|Any CPU
		{6A348A6B-F2CE-43FC-B86B-1A749B0CEB02}.Debug|Any CPU.Build.0 = Debug|Any CPU
		{6A348A6B-F2CE-43FC-B86B-1A749B0CEB02}.Release|Any CPU.ActiveCfg = Release|Any CPU
		{6A348A6B-F2CE-43FC-B86B-1A749B0CEB02}.Release|Any CPU.Build.0 = Release|Any CPU
	EndGlobalSection
	GlobalSection(SolutionProperties) = preSolution
		HideSolutionNode = FALSE
	EndGlobalSection
	GlobalSection(ExtensibilityGlobals) = postSolution
		SolutionGuid = {6C4BE2DC-C4EB-46B1-BF02-7501A77311FC}
	EndGlobalSection
EndGlobal
